
Microsoft Visual Studio Solution File, Format Version 12.00
# Visual Studio Version 17
VisualStudioVersion = 17.8.34322.80
MinimumVisualStudioVersion = 10.0.40219.1
Project("{FAE04EC0-301F-11D3-BF4B-00C04F79EFBC}") = "AppAPS", "AppAPS\AppAPS.csproj", "{48DFD612-3658-4638-B35B-0B287BACB935}"
EndProject
Global
	GlobalSection(SolutionConfigurationPlatforms) = preSolution
		Debug|Any CPU = Debug|Any CPU
		Release|Any CPU = Release|Any CPU
	EndGlobalSection
	GlobalSection(ProjectConfigurationPlatforms) = postSolution
		{48DFD612-3658-4638-B35B-0B287BACB935}.Debug|Any CPU.ActiveCfg = Debug|Any CPU
		{48DFD612-3658-4638-B35B-0B287BACB935}.Debug|Any CPU.Build.0 = Debug|Any CPU
		{48DFD612-3658-4638-B35B-0B287BACB935}.Release|Any CPU.ActiveCfg = Release|Any CPU
		{48DFD612-3658-4638-B35B-0B287BACB935}.Release|Any CPU.Build.0 = Release|Any CPU
	EndGlobalSection
	GlobalSection(SolutionProperties) = preSolution
		HideSolutionNode = FALSE
	EndGlobalSection
	GlobalSection(ExtensibilityGlobals) = postSolution
		SolutionGuid = {6937B353-6309-4D52-8B27-C24838E566CA}
	EndGlobalSection
EndGlobal
